
Microsoft Visual Studio Solution File, Format Version 12.00
# Visual Studio Version 16
VisualStudioVersion = 16.0.30907.101
MinimumVisualStudioVersion = 10.0.40219.1
Project("{FAE04EC0-301F-11D3-BF4B-00C04F79EFBC}") = "ReactiveSystem", "ReactiveSystem.csproj", "{67096571-426B-4604-BA8C-D9FD4CB9DC3B}"
EndProject
Global
	GlobalSection(SolutionConfigurationPlatforms) = preSolution
		Debug|Any CPU = Debug|Any CPU
		Release|Any CPU = Release|Any CPU
	EndGlobalSection
	GlobalSection(ProjectConfigurationPlatforms) = postSolution
		{67096571-426B-4604-BA8C-D9FD4CB9DC3B}.Debug|Any CPU.ActiveCfg = Debug|Any CPU
		{67096571-426B-4604-BA8C-D9FD4CB9DC3B}.Debug|Any CPU.Build.0 = Debug|Any CPU
		{67096571-426B-4604-BA8C-D9FD4CB9DC3B}.Release|Any CPU.ActiveCfg = Release|Any CPU
		{67096571-426B-4604-BA8C-D9FD4CB9DC3B}.Release|Any CPU.Build.0 = Release|Any CPU
	EndGlobalSection
	GlobalSection(SolutionProperties) = preSolution
		HideSolutionNode = FALSE
	EndGlobalSection
	GlobalSection(ExtensibilityGlobals) = postSolution
		SolutionGuid = {F8AE035E-EFDE-423D-93CF-205BC72D3114}
	EndGlobalSection
EndGlobal
